
Microsoft Visual Studio Solution File, Format Version 12.00
# Visual Studio Version 17
VisualStudioVersion = 17.2.32616.157
MinimumVisualStudioVersion = 10.0.40219.1
Project("{FAE04EC0-301F-11D3-BF4B-00C04F79EFBC}") = "Migratory Birds", "Migratory Birds\Migratory Birds.csproj", "{13C154D5-2D33-44AA-81B2-E16050921A62}"
EndProject
Global
	GlobalSection(SolutionConfigurationPlatforms) = preSolution
		Debug|Any CPU = Debug|Any CPU
		Release|Any CPU = Release|Any CPU
	EndGlobalSection
	GlobalSection(ProjectConfigurationPlatforms) = postSolution
		{13C154D5-2D33-44AA-81B2-E16050921A62}.Debug|Any CPU.ActiveCfg = Debug|Any CPU
		{13C154D5-2D33-44AA-81B2-E16050921A62}.Debug|Any CPU.Build.0 = Debug|Any CPU
		{13C154D5-2D33-44AA-81B2-E16050921A62}.Release|Any CPU.ActiveCfg = Release|Any CPU
		{13C154D5-2D33-44AA-81B2-E16050921A62}.Release|Any CPU.Build.0 = Release|Any CPU
	EndGlobalSection
	GlobalSection(SolutionProperties) = preSolution
		HideSolutionNode = FALSE
	EndGlobalSection
	GlobalSection(ExtensibilityGlobals) = postSolution
		SolutionGuid = {FF11DF99-A13D-4BA1-812F-FB5E462B3AED}
	EndGlobalSection
EndGlobal
