
Microsoft Visual Studio Solution File, Format Version 12.00
# Visual Studio Version 17
VisualStudioVersion = 17.2.32616.157
MinimumVisualStudioVersion = 10.0.40219.1
Project("{FAE04EC0-301F-11D3-BF4B-00C04F79EFBC}") = "2D-arr", "2D-arr\2D-arr.csproj", "{C2864CEC-4E47-4049-AA6F-F9A7E4273B71}"
EndProject
Global
	GlobalSection(SolutionConfigurationPlatforms) = preSolution
		Debug|Any CPU = Debug|Any CPU
		Release|Any CPU = Release|Any CPU
	EndGlobalSection
	GlobalSection(ProjectConfigurationPlatforms) = postSolution
		{C2864CEC-4E47-4049-AA6F-F9A7E4273B71}.Debug|Any CPU.ActiveCfg = Debug|Any CPU
		{C2864CEC-4E47-4049-AA6F-F9A7E4273B71}.Debug|Any CPU.Build.0 = Debug|Any CPU
		{C2864CEC-4E47-4049-AA6F-F9A7E4273B71}.Release|Any CPU.ActiveCfg = Release|Any CPU
		{C2864CEC-4E47-4049-AA6F-F9A7E4273B71}.Release|Any CPU.Build.0 = Release|Any CPU
	EndGlobalSection
	GlobalSection(SolutionProperties) = preSolution
		HideSolutionNode = FALSE
	EndGlobalSection
	GlobalSection(ExtensibilityGlobals) = postSolution
		SolutionGuid = {38E00BBA-4B7C-404C-99CC-D93C7E0840F5}
	EndGlobalSection
EndGlobal
