
Microsoft Visual Studio Solution File, Format Version 12.00
# Visual Studio Version 17
VisualStudioVersion = 17.1.32228.430
MinimumVisualStudioVersion = 10.0.40219.1
Project("{FAE04EC0-301F-11D3-BF4B-00C04F79EFBC}") = "Enum_demo", "Enum_demo\Enum_demo.csproj", "{E419DD50-DC55-44C6-BFCF-0EA55F69E232}"
EndProject
Global
	GlobalSection(SolutionConfigurationPlatforms) = preSolution
		Debug|Any CPU = Debug|Any CPU
		Release|Any CPU = Release|Any CPU
	EndGlobalSection
	GlobalSection(ProjectConfigurationPlatforms) = postSolution
		{E419DD50-DC55-44C6-BFCF-0EA55F69E232}.Debug|Any CPU.ActiveCfg = Debug|Any CPU
		{E419DD50-DC55-44C6-BFCF-0EA55F69E232}.Debug|Any CPU.Build.0 = Debug|Any CPU
		{E419DD50-DC55-44C6-BFCF-0EA55F69E232}.Release|Any CPU.ActiveCfg = Release|Any CPU
		{E419DD50-DC55-44C6-BFCF-0EA55F69E232}.Release|Any CPU.Build.0 = Release|Any CPU
	EndGlobalSection
	GlobalSection(SolutionProperties) = preSolution
		HideSolutionNode = FALSE
	EndGlobalSection
	GlobalSection(ExtensibilityGlobals) = postSolution
		SolutionGuid = {C50C13E6-B062-4E06-89BD-8FB109898731}
	EndGlobalSection
EndGlobal
