
Microsoft Visual Studio Solution File, Format Version 12.00
# Visual Studio Version 17
VisualStudioVersion = 17.1.32228.430
MinimumVisualStudioVersion = 10.0.40219.1
Project("{FAE04EC0-301F-11D3-BF4B-00C04F79EFBC}") = "mars-exploration", "mars-exploration\mars-exploration.csproj", "{8F8A792C-0DC1-4E37-8DC4-A064FEFD0F19}"
EndProject
Global
	GlobalSection(SolutionConfigurationPlatforms) = preSolution
		Debug|Any CPU = Debug|Any CPU
		Release|Any CPU = Release|Any CPU
	EndGlobalSection
	GlobalSection(ProjectConfigurationPlatforms) = postSolution
		{8F8A792C-0DC1-4E37-8DC4-A064FEFD0F19}.Debug|Any CPU.ActiveCfg = Debug|Any CPU
		{8F8A792C-0DC1-4E37-8DC4-A064FEFD0F19}.Debug|Any CPU.Build.0 = Debug|Any CPU
		{8F8A792C-0DC1-4E37-8DC4-A064FEFD0F19}.Release|Any CPU.ActiveCfg = Release|Any CPU
		{8F8A792C-0DC1-4E37-8DC4-A064FEFD0F19}.Release|Any CPU.Build.0 = Release|Any CPU
	EndGlobalSection
	GlobalSection(SolutionProperties) = preSolution
		HideSolutionNode = FALSE
	EndGlobalSection
	GlobalSection(ExtensibilityGlobals) = postSolution
		SolutionGuid = {B91A50C3-980F-41F8-B97B-F1BA8F03F8E9}
	EndGlobalSection
EndGlobal
