
Microsoft Visual Studio Solution File, Format Version 12.00
# Visual Studio Version 17
VisualStudioVersion = 17.1.32228.430
MinimumVisualStudioVersion = 10.0.40219.1
Project("{FAE04EC0-301F-11D3-BF4B-00C04F79EFBC}") = "Diagonal_Difference", "Diagonal_Difference\Diagonal_Difference.csproj", "{FB6A22E5-53AD-4583-BA71-5CF5936BA4B9}"
EndProject
Global
	GlobalSection(SolutionConfigurationPlatforms) = preSolution
		Debug|Any CPU = Debug|Any CPU
		Release|Any CPU = Release|Any CPU
	EndGlobalSection
	GlobalSection(ProjectConfigurationPlatforms) = postSolution
		{FB6A22E5-53AD-4583-BA71-5CF5936BA4B9}.Debug|Any CPU.ActiveCfg = Debug|Any CPU
		{FB6A22E5-53AD-4583-BA71-5CF5936BA4B9}.Debug|Any CPU.Build.0 = Debug|Any CPU
		{FB6A22E5-53AD-4583-BA71-5CF5936BA4B9}.Release|Any CPU.ActiveCfg = Release|Any CPU
		{FB6A22E5-53AD-4583-BA71-5CF5936BA4B9}.Release|Any CPU.Build.0 = Release|Any CPU
	EndGlobalSection
	GlobalSection(SolutionProperties) = preSolution
		HideSolutionNode = FALSE
	EndGlobalSection
	GlobalSection(ExtensibilityGlobals) = postSolution
		SolutionGuid = {FED9C094-AAE2-4F51-A712-72DF02873201}
	EndGlobalSection
EndGlobal
